{
  "_comment": "Source of truth for the vendored FHIR IG packages. Every entry is SHA-256-pinned; vendor-packages.sh downloads/verifies against this file (--verify runs offline in CI). Refreshing a pin is a deliberate, reviewed change: run tools/vendor-packages.sh --refresh <name>, update this file by hand, re-run the test suite, and commit lockfile + .tgz together.",
  "packageDir": "service/src/main/resources/packages",
  "packages": [
    {
      "name": "hl7.fhir.uv.emedicinal-product-info",
      "version": "1.0.0",
      "fhirVersion": "5.0.0",
      "url": "https://packages2.fhir.org/packages/hl7.fhir.uv.emedicinal-product-info/1.0.0",
      "sha256": "c997673388d2c53bd7dad43777a7589443e4d27f56a661a90aa0638bbce1cf3a",
      "targetFile": "hl7.fhir.uv.emedicinal-product-info-1.0.0.tgz",
      "packageDate": "20230726132927",
      "vendoredAt": "2026-07-02",
      "notes": "Published STU1. Declares deps hl7.terminology.r5#5.0.0, hl7.fhir.uv.extensions.r5#1.0.0."
    },
    {
      "name": "hl7.terminology.r5",
      "version": "5.0.0",
      "fhirVersion": "5.0.0",
      "url": "https://packages2.fhir.org/packages/hl7.terminology.r5/5.0.0",
      "sha256": "0716450a0ee1fc452794c163c395782f5ebe4ecf177b426e20782dcfe3250906",
      "targetFile": "hl7.terminology.r5-5.0.0.tgz",
      "packageDate": "20221104181837",
      "vendoredAt": "2026-07-02",
      "notes": "Dependency of ePI 1.0.0."
    },
    {
      "name": "hl7.fhir.uv.extensions.r5",
      "version": "1.0.0",
      "fhirVersion": "5.0.0",
      "url": "https://packages2.fhir.org/packages/hl7.fhir.uv.extensions.r5/1.0.0",
      "sha256": "b60edfadff29ef16a5a253083f33b1c6f83646b3cda1691745453162edbd86b9",
      "targetFile": "hl7.fhir.uv.extensions.r5-1.0.0.tgz",
      "packageDate": "20230326084631",
      "vendoredAt": "2026-07-02",
      "notes": "Dependency of ePI 1.0.0."
    }
  ]
}
